
Microsoft Visual Studio Solution File, Format Version 12.00
# Visual Studio Version 16
VisualStudioVersion = 16.0.33328.57
MinimumVisualStudioVersion = 10.0.40219.1
Project("{FAE04EC0-301F-11D3-BF4B-00C04F79EFBC}") = "RevitAPICheking_the_type", "RevitAPICheking_the_type.csproj", "{3FEBBAD5-3026-401F-8900-520620664889}"
EndProject
Global
	GlobalSection(SolutionConfigurationPlatforms) = preSolution
		Debug|Any CPU = Debug|Any CPU
		Release|Any CPU = Release|Any CPU
	EndGlobalSection
	GlobalSection(ProjectConfigurationPlatforms) = postSolution
		{3FEBBAD5-3026-401F-8900-520620664889}.Debug|Any CPU.ActiveCfg = Debug|Any CPU
		{3FEBBAD5-3026-401F-8900-520620664889}.Debug|Any CPU.Build.0 = Debug|Any CPU
		{3FEBBAD5-3026-401F-8900-520620664889}.Release|Any CPU.ActiveCfg = Release|Any CPU
		{3FEBBAD5-3026-401F-8900-520620664889}.Release|Any CPU.Build.0 = Release|Any CPU
	EndGlobalSection
	GlobalSection(SolutionProperties) = preSolution
		HideSolutionNode = FALSE
	EndGlobalSection
	GlobalSection(ExtensibilityGlobals) = postSolution
		SolutionGuid = {138A869C-6238-4AF0-96DC-6B1ECAA51AEC}
	EndGlobalSection
EndGlobal
